// !$*UTF8*$!
{
	archiveVersion = 1;
	classes = {
	};
	objectVersion = 56;
	objects = {

/* Begin PBXBuildFile section */
		3842B8262977E7000035CE29 /* AppDelegate.swift in Sources */ = {isa = PBXBuildFile; fileRef = 3842B8252977E7000035CE29 /* AppDelegate.swift */; };
		3842B8282977E7000035CE29 /* SceneDelegate.swift in Sources */ = {isa = PBXBuildFile; fileRef = 3842B8272977E7000035CE29 /* SceneDelegate.swift */; };
		3842B82A2977E7000035CE29 /* ChatViewController.swift in Sources */ = {isa = PBXBuildFile; fileRef = 3842B8292977E7000035CE29 /* ChatViewController.swift */; };
		3842B8302977E7000035CE29 /* Blabber.xcdatamodeld in Sources */ = {isa = PBXBuildFile; fileRef = 3842B82E2977E7000035CE29 /* Blabber.xcdatamodeld */; };
		3842B8322977E7010035CE29 /* Assets.xcassets in Resources */ = {isa = PBXBuildFile; fileRef = 3842B8312977E7010035CE29 /* Assets.xcassets */; };
		3855339A29780F9B007CF173 /* LaunchScreen.storyboard in Resources */ = {isa = PBXBuildFile; fileRef = 3855339929780F9B007CF173 /* LaunchScreen.storyboard */; };
		3855339C29780FB4007CF173 /* Main.storyboard in Resources */ = {isa = PBXBuildFile; fileRef = 3855339B29780FB4007CF173 /* Main.storyboard */; };
		3868AE80297D3DAF0087E76A /* LoginViewController.swift in Sources */ = {isa = PBXBuildFile; fileRef = 3868AE7F297D3DAF0087E76A /* LoginViewController.swift */; };
		3868AE82297D3DC20087E76A /* RegisterViewController.swift in Sources */ = {isa = PBXBuildFile; fileRef = 3868AE81297D3DC20087E76A /* RegisterViewController.swift */; };
		3868AE84297D3DD30087E76A /* PhotoViewController.swift in Sources */ = {isa = PBXBuildFile; fileRef = 3868AE83297D3DD30087E76A /* PhotoViewController.swift */; };
		3868AE86297D3DE20087E76A /* VideoViewController.swift in Sources */ = {isa = PBXBuildFile; fileRef = 3868AE85297D3DE20087E76A /* VideoViewController.swift */; };
		3868AE88297D3DF30087E76A /* NewChatViewController.swift in Sources */ = {isa = PBXBuildFile; fileRef = 3868AE87297D3DF30087E76A /* NewChatViewController.swift */; };
		3868AE8A297D3E030087E76A /* ProfileViewController.swift in Sources */ = {isa = PBXBuildFile; fileRef = 3868AE89297D3E030087E76A /* ProfileViewController.swift */; };
		3868AE8D297D565B0087E76A /* Extensions.swift in Sources */ = {isa = PBXBuildFile; fileRef = 3868AE8C297D565B0087E76A /* Extensions.swift */; };
		3868AE8F29853FEF0087E76A /* GoogleService-Info.plist in Resources */ = {isa = PBXBuildFile; fileRef = 3868AE8E29853FEF0087E76A /* GoogleService-Info.plist */; };
		7C87143715539EAFDE20206B /* Pods_Blabber.framework in Frameworks */ = {isa = PBXBuildFile; fileRef = A260A159DADD622DB36E62EB /* Pods_Blabber.framework */; };
/* End PBXBuildFile section */

/* Begin PBXFileReference section */
		3842B8222977E7000035CE29 /* Blabber.app */ = {isa = PBXFileReference; explicitFileType = wrapper.application; includeInIndex = 0; path = Blabber.app; sourceTree = BUILT_PRODUCTS_DIR; };
		3842B8252977E7000035CE29 /* AppDelegate.swift */ = {isa = PBXFileReference; lastKnownFileType = sourcecode.swift; path = AppDelegate.swift; sourceTree = "<group>"; };
		3842B8272977E7000035CE29 /* SceneDelegate.swift */ = {isa = PBXFileReference; lastKnownFileType = sourcecode.swift; path = SceneDelegate.swift; sourceTree = "<group>"; };
		3842B8292977E7000035CE29 /* ChatViewController.swift */ = {isa = PBXFileReference; lastKnownFileType = sourcecode.swift; path = ChatViewController.swift; sourceTree = "<group>"; };
		3842B82F2977E7000035CE29 /* Blabber.xcdatamodel */ = {isa = PBXFileReference; lastKnownFileType = wrapper.xcdatamodel; path = Blabber.xcdatamodel; sourceTree = "<group>"; };
		3842B8312977E7010035CE29 /* Assets.xcassets */ = {isa = PBXFileReference; lastKnownFileType = folder.assetcatalog; path = Assets.xcassets; sourceTree = "<group>"; };
		3842B8362977E7010035CE29 /* Info.plist */ = {isa = PBXFileReference; lastKnownFileType = text.plist.xml; path = Info.plist; sourceTree = "<group>"; };
		3855339929780F9B007CF173 /* LaunchScreen.storyboard */ = {isa = PBXFileReference; lastKnownFileType = file.storyboard; path = LaunchScreen.storyboard; sourceTree = "<group>"; };
		3855339B29780FB4007CF173 /* Main.storyboard */ = {isa = PBXFileReference; lastKnownFileType = file.storyboard; path = Main.storyboard; sourceTree = "<group>"; };
		3868AE7F297D3DAF0087E76A /* LoginViewController.swift */ = {isa = PBXFileReference; lastKnownFileType = sourcecode.swift; path = LoginViewController.swift; sourceTree = "<group>"; };
		3868AE81297D3DC20087E76A /* RegisterViewController.swift */ = {isa = PBXFileReference; lastKnownFileType = sourcecode.swift; path = RegisterViewController.swift; sourceTree = "<group>"; };
		3868AE83297D3DD30087E76A /* PhotoViewController.swift */ = {isa = PBXFileReference; lastKnownFileType = sourcecode.swift; path = PhotoViewController.swift; sourceTree = "<group>"; };
		3868AE85297D3DE20087E76A /* VideoViewController.swift */ = {isa = PBXFileReference; lastKnownFileType = sourcecode.swift; path = VideoViewController.swift; sourceTree = "<group>"; };
		3868AE87297D3DF30087E76A /* NewChatViewController.swift */ = {isa = PBXFileReference; lastKnownFileType = sourcecode.swift; path = NewChatViewController.swift; sourceTree = "<group>"; };
		3868AE89297D3E030087E76A /* ProfileViewController.swift */ = {isa = PBXFileReference; lastKnownFileType = sourcecode.swift; path = ProfileViewController.swift; sourceTree = "<group>"; };
		3868AE8C297D565B0087E76A /* Extensions.swift */ = {isa = PBXFileReference; lastKnownFileType = sourcecode.swift; path = Extensions.swift; sourceTree = "<group>"; };
		3868AE8E29853FEF0087E76A /* GoogleService-Info.plist */ = {isa = PBXFileReference; fileEncoding = 4; lastKnownFileType = text.plist.xml; name = "GoogleService-Info.plist"; path = "../../GoogleService-Info.plist"; sourceTree = "<group>"; };
		8A7200C04AFFB587F0259F39 /* Pods-Blabber.release.xcconfig */ = {isa = PBXFileReference; includeInIndex = 1; lastKnownFileType = text.xcconfig; name = "Pods-Blabber.release.xcconfig"; path = "Target Support Files/Pods-Blabber/Pods-Blabber.release.xcconfig"; sourceTree = "<group>"; };
		99EE5DE69ABC6B971965CDCF /* Pods-Blabber.debug.xcconfig */ = {isa = PBXFileReference; includeInIndex = 1; lastKnownFileType = text.xcconfig; name = "Pods-Blabber.debug.xcconfig"; path = "Target Support Files/Pods-Blabber/Pods-Blabber.debug.xcconfig"; sourceTree = "<group>"; };
		A260A159DADD622DB36E62EB /* Pods_Blabber.framework */ = {isa = PBXFileReference; explicitFileType = wrapper.framework; includeInIndex = 0; path = Pods_Blabber.framework; sourceTree = BUILT_PRODUCTS_DIR; };
/* End PBXFileReference section */

/* Begin PBXFrameworksBuildPhase section */
		3842B81F2977E7000035CE29 /* Frameworks */ = {
			isa = PBXFrameworksBuildPhase;
			buildActionMask = 2147483647;
			files = (
				7C87143715539EAFDE20206B /* Pods_Blabber.framework in Frameworks */,
			);
			runOnlyForDeploymentPostprocessing = 0;
		};
/* End PBXFrameworksBuildPhase section */

/* Begin PBXGroup section */
		3842B8192977E7000035CE29 = {
			isa = PBXGroup;
			children = (
				3842B8242977E7000035CE29 /* Blabber */,
				3842B8232977E7000035CE29 /* Products */,
				7321410CAB092C354E1EBD6A /* Pods */,
				B86A997B950626F2CF25B18B /* Frameworks */,
			);
			sourceTree = "<group>";
		};
		3842B8232977E7000035CE29 /* Products */ = {
			isa = PBXGroup;
			children = (
				3842B8222977E7000035CE29 /* Blabber.app */,
			);
			name = Products;
			sourceTree = "<group>";
		};
		3842B8242977E7000035CE29 /* Blabber */ = {
			isa = PBXGroup;
			children = (
				3868AE8E29853FEF0087E76A /* GoogleService-Info.plist */,
				3842B84029780A780035CE29 /* Resources */,
				3842B83F29780A6C0035CE29 /* ViewModels */,
				3842B83E29780A620035CE29 /* Models */,
				3842B83D29780A580035CE29 /* Views */,
				3842B83C29780A4D0035CE29 /* Controllers */,
				3842B8362977E7010035CE29 /* Info.plist */,
				3842B82E2977E7000035CE29 /* Blabber.xcdatamodeld */,
			);
			path = Blabber;
			sourceTree = "<group>";
		};
		3842B83C29780A4D0035CE29 /* Controllers */ = {
			isa = PBXGroup;
			children = (
				3868AE8B297D409C0087E76A /* Login */,
				3842B8292977E7000035CE29 /* ChatViewController.swift */,
				3868AE83297D3DD30087E76A /* PhotoViewController.swift */,
				3868AE85297D3DE20087E76A /* VideoViewController.swift */,
				3868AE87297D3DF30087E76A /* NewChatViewController.swift */,
				3868AE89297D3E030087E76A /* ProfileViewController.swift */,
			);
			path = Controllers;
			sourceTree = "<group>";
		};
		3842B83D29780A580035CE29 /* Views */ = {
			isa = PBXGroup;
			children = (
				3842B8312977E7010035CE29 /* Assets.xcassets */,
				3855339929780F9B007CF173 /* LaunchScreen.storyboard */,
				3855339B29780FB4007CF173 /* Main.storyboard */,
			);
			path = Views;
			sourceTree = "<group>";
		};
		3842B83E29780A620035CE29 /* Models */ = {
			isa = PBXGroup;
			children = (
			);
			path = Models;
			sourceTree = "<group>";
		};
		3842B83F29780A6C0035CE29 /* ViewModels */ = {
			isa = PBXGroup;
			children = (
			);
			path = ViewModels;
			sourceTree = "<group>";
		};
		3842B84029780A780035CE29 /* Resources */ = {
			isa = PBXGroup;
			children = (
				3842B8252977E7000035CE29 /* AppDelegate.swift */,
				3842B8272977E7000035CE29 /* SceneDelegate.swift */,
				3868AE8C297D565B0087E76A /* Extensions.swift */,
			);
			path = Resources;
			sourceTree = "<group>";
		};
		3868AE8B297D409C0087E76A /* Login */ = {
			isa = PBXGroup;
			children = (
				3868AE7F297D3DAF0087E76A /* LoginViewController.swift */,
				3868AE81297D3DC20087E76A /* RegisterViewController.swift */,
			);
			path = Login;
			sourceTree = "<group>";
		};
		7321410CAB092C354E1EBD6A /* Pods */ = {
			isa = PBXGroup;
			children = (
				99EE5DE69ABC6B971965CDCF /* Pods-Blabber.debug.xcconfig */,
				8A7200C04AFFB587F0259F39 /* Pods-Blabber.release.xcconfig */,
			);
			path = Pods;
			sourceTree = "<group>";
		};
		B86A997B950626F2CF25B18B /* Frameworks */ = {
			isa = PBXGroup;
			children = (
				A260A159DADD622DB36E62EB /* Pods_Blabber.framework */,
			);
			name = Frameworks;
			sourceTree = "<group>";
		};
/* End PBXGroup section */

/* Begin PBXNativeTarget section */
		3842B8212977E7000035CE29 /* Blabber */ = {
			isa = PBXNativeTarget;
			buildConfigurationList = 3842B8392977E7010035CE29 /* Build configuration list for PBXNativeTarget "Blabber" */;
			buildPhases = (
				1076ECA8F28DC42668262E8F /* [CP] Check Pods Manifest.lock */,
				3842B81E2977E7000035CE29 /* Sources */,
				3842B81F2977E7000035CE29 /* Frameworks */,
				3842B8202977E7000035CE29 /* Resources */,
				6E8D0B549770010E40F535BA /* [CP] Embed Pods Frameworks */,
			);
			buildRules = (
			);
			dependencies = (
			);
			name = Blabber;
			productName = Blabber;
			productReference = 3842B8222977E7000035CE29 /* Blabber.app */;
			productType = "com.apple.product-type.application";
		};
/* End PBXNativeTarget section */

/* Begin PBXProject section */
		3842B81A2977E7000035CE29 /* Project object */ = {
			isa = PBXProject;
			attributes = {
				BuildIndependentTargetsInParallel = 1;
				LastSwiftUpdateCheck = 1420;
				LastUpgradeCheck = 1420;
				TargetAttributes = {
					3842B8212977E7000035CE29 = {
						CreatedOnToolsVersion = 14.2;
					};
				};
			};
			buildConfigurationList = 3842B81D2977E7000035CE29 /* Build configuration list for PBXProject "Blabber" */;
			compatibilityVersion = "Xcode 14.0";
			developmentRegion = en;
			hasScannedForEncodings = 0;
			knownRegions = (
				en,
				Base,
			);
			mainGroup = 3842B8192977E7000035CE29;
			productRefGroup = 3842B8232977E7000035CE29 /* Products */;
			projectDirPath = "";
			projectRoot = "";
			targets = (
				3842B8212977E7000035CE29 /* Blabber */,
			);
		};
/* End PBXProject section */

/* Begin PBXResourcesBuildPhase section */
		3842B8202977E7000035CE29 /* Resources */ = {
			isa = PBXResourcesBuildPhase;
			buildActionMask = 2147483647;
			files = (
				3855339C29780FB4007CF173 /* Main.storyboard in Resources */,
				3868AE8F29853FEF0087E76A /* GoogleService-Info.plist in Resources */,
				3855339A29780F9B007CF173 /* LaunchScreen.storyboard in Resources */,
				3842B8322977E7010035CE29 /* Assets.xcassets in Resources */,
			);
			runOnlyForDeploymentPostprocessing = 0;
		};
/* End PBXResourcesBuildPhase section */

/* Begin PBXShellScriptBuildPhase section */
		1076ECA8F28DC42668262E8F /* [CP] Check Pods Manifest.lock */ = {
			isa = PBXShellScriptBuildPhase;
			buildActionMask = 2147483647;
			files = (
			);
			inputFileListPaths = (
			);
			inputPaths = (
				"${PODS_PODFILE_DIR_PATH}/Podfile.lock",
				"${PODS_ROOT}/Manifest.lock",
			);
			name = "[CP] Check Pods Manifest.lock";
			outputFileListPaths = (
			);
			outputPaths = (
				"$(DERIVED_FILE_DIR)/Pods-Blabber-checkManifestLockResult.txt",
			);
			runOnlyForDeploymentPostprocessing = 0;
			shellPath = /bin/sh;
			shellScript = "diff \"${PODS_PODFILE_DIR_PATH}/Podfile.lock\" \"${PODS_ROOT}/Manifest.lock\" > /dev/null\nif [ $? != 0 ] ; then\n    # print error to STDERR\n    echo \"error: The sandbox is not in sync with the Podfile.lock. Run 'pod install' or update your CocoaPods installation.\" >&2\n    exit 1\nfi\n# This output is used by Xcode 'outputs' to avoid re-running this script phase.\necho \"SUCCESS\" > \"${SCRIPT_OUTPUT_FILE_0}\"\n";
			showEnvVarsInLog = 0;
		};
		6E8D0B549770010E40F535BA /* [CP] Embed Pods Frameworks */ = {
			isa = PBXShellScriptBuildPhase;
			buildActionMask = 2147483647;
			files = (
			);
			inputFileListPaths = (
				"${PODS_ROOT}/Target Support Files/Pods-Blabber/Pods-Blabber-frameworks-${CONFIGURATION}-input-files.xcfilelist",
			);
			name = "[CP] Embed Pods Frameworks";
			outputFileListPaths = (
				"${PODS_ROOT}/Target Support Files/Pods-Blabber/Pods-Blabber-frameworks-${CONFIGURATION}-output-files.xcfilelist",
			);
			runOnlyForDeploymentPostprocessing = 0;
			shellPath = /bin/sh;
			shellScript = "\"${PODS_ROOT}/Target Support Files/Pods-Blabber/Pods-Blabber-frameworks.sh\"\n";
			showEnvVarsInLog = 0;
		};
/* End PBXShellScriptBuildPhase section */

/* Begin PBXSourcesBuildPhase section */
		3842B81E2977E7000035CE29 /* Sources */ = {
			isa = PBXSourcesBuildPhase;
			buildActionMask = 2147483647;
			files = (
				3842B82A2977E7000035CE29 /* ChatViewController.swift in Sources */,
				3868AE88297D3DF30087E76A /* NewChatViewController.swift in Sources */,
				3868AE8A297D3E030087E76A /* ProfileViewController.swift in Sources */,
				3842B8262977E7000035CE29 /* AppDelegate.swift in Sources */,
				3868AE86297D3DE20087E76A /* VideoViewController.swift in Sources */,
				3842B8302977E7000035CE29 /* Blabber.xcdatamodeld in Sources */,
				3868AE82297D3DC20087E76A /* RegisterViewController.swift in Sources */,
				3868AE84297D3DD30087E76A /* PhotoViewController.swift in Sources */,
				3868AE80297D3DAF0087E76A /* LoginViewController.swift in Sources */,
				3868AE8D297D565B0087E76A /* Extensions.swift in Sources */,
				3842B8282977E7000035CE29 /* SceneDelegate.swift in Sources */,
			);
			runOnlyForDeploymentPostprocessing = 0;
		};
/* End PBXSourcesBuildPhase section */

/* Begin XCBuildConfiguration section */
		3842B8372977E7010035CE29 /* Debug */ = {
			isa = XCBuildConfiguration;
			buildSettings = {
				ALWAYS_SEARCH_USER_PATHS = NO;
				CLANG_ANALYZER_NONNULL = YES;
				CLANG_ANALYZER_NUMBER_OBJECT_CONVERSION = YES_AGGRESSIVE;
				CLANG_CXX_LANGUAGE_STANDARD = "gnu++20";
				CLANG_ENABLE_MODULES = YES;
				CLANG_ENABLE_OBJC_ARC = YES;
				CLANG_ENABLE_OBJC_WEAK = YES;
				CLANG_WARN_BLOCK_CAPTURE_AUTORELEASING = YES;
				CLANG_WARN_BOOL_CONVERSION = YES;
				CLANG_WARN_COMMA = YES;
				CLANG_WARN_CONSTANT_CONVERSION = YES;
				CLANG_WARN_DEPRECATED_OBJC_IMPLEMENTATIONS = YES;
				CLANG_WARN_DIRECT_OBJC_ISA_USAGE = YES_ERROR;
				CLANG_WARN_DOCUMENTATION_COMMENTS = YES;
				CLANG_WARN_EMPTY_BODY = YES;
				CLANG_WARN_ENUM_CONVERSION = YES;
				CLANG_WARN_INFINITE_RECURSION = YES;
				CLANG_WARN_INT_CONVERSION = YES;
				CLANG_WARN_NON_LITERAL_NULL_CONVERSION = YES;
				CLANG_WARN_OBJC_IMPLICIT_RETAIN_SELF = YES;
				CLANG_WARN_OBJC_LITERAL_CONVERSION = YES;
				CLANG_WARN_OBJC_ROOT_CLASS = YES_ERROR;
				CLANG_WARN_QUOTED_INCLUDE_IN_FRAMEWORK_HEADER = YES;
				CLANG_WARN_RANGE_LOOP_ANALYSIS = YES;
				CLANG_WARN_STRICT_PROTOTYPES = YES;
				CLANG_WARN_SUSPICIOUS_MOVE = YES;
				CLANG_WARN_UNGUARDED_AVAILABILITY = YES_AGGRESSIVE;
				CLANG_WARN_UNREACHABLE_CODE = YES;
				CLANG_WARN__DUPLICATE_METHOD_MATCH = YES;
				COPY_PHASE_STRIP = NO;
				DEBUG_INFORMATION_FORMAT = dwarf;
				ENABLE_STRICT_OBJC_MSGSEND = YES;
				ENABLE_TESTABILITY = YES;
				GCC_C_LANGUAGE_STANDARD = gnu11;
				GCC_DYNAMIC_NO_PIC = NO;
				GCC_NO_COMMON_BLOCKS = YES;
				GCC_OPTIMIZATION_LEVEL = 0;
				GCC_PREPROCESSOR_DEFINITIONS = (
					"DEBUG=1",
					"$(inherited)",
				);
				GCC_WARN_64_TO_32_BIT_CONVERSION = YES;
				GCC_WARN_ABOUT_RETURN_TYPE = YES_ERROR;
				GCC_WARN_UNDECLARED_SELECTOR = YES;
				GCC_WARN_UNINITIALIZED_AUTOS = YES_AGGRESSIVE;
				GCC_WARN_UNUSED_FUNCTION = YES;
				GCC_WARN_UNUSED_VARIABLE = YES;
				IPHONEOS_DEPLOYMENT_TARGET = 16.2;
				MTL_ENABLE_DEBUG_INFO = INCLUDE_SOURCE;
				MTL_FAST_MATH = YES;
				ONLY_ACTIVE_ARCH = YES;
				SDKROOT = iphoneos;
				SWIFT_ACTIVE_COMPILATION_CONDITIONS = DEBUG;
				SWIFT_OPTIMIZATION_LEVEL = "-Onone";
			};
			name = Debug;
		};
		3842B8382977E7010035CE29 /* Release */ = {
			isa = XCBuildConfiguration;
			buildSettings = {
				ALWAYS_SEARCH_USER_PATHS = NO;
				CLANG_ANALYZER_NONNULL = YES;
				CLANG_ANALYZER_NUMBER_OBJECT_CONVERSION = YES_AGGRESSIVE;
				CLANG_CXX_LANGUAGE_STANDARD = "gnu++20";
				CLANG_ENABLE_MODULES = YES;
				CLANG_ENABLE_OBJC_ARC = YES;
				CLANG_ENABLE_OBJC_WEAK = YES;
				CLANG_WARN_BLOCK_CAPTURE_AUTORELEASING = YES;
				CLANG_WARN_BOOL_CONVERSION = YES;
				CLANG_WARN_COMMA = YES;
				CLANG_WARN_CONSTANT_CONVERSION = YES;
				CLANG_WARN_DEPRECATED_OBJC_IMPLEMENTATIONS = YES;
				CLANG_WARN_DIRECT_OBJC_ISA_USAGE = YES_ERROR;
				CLANG_WARN_DOCUMENTATION_COMMENTS = YES;
				CLANG_WARN_EMPTY_BODY = YES;
				CLANG_WARN_ENUM_CONVERSION = YES;
				CLANG_WARN_INFINITE_RECURSION = YES;
				CLANG_WARN_INT_CONVERSION = YES;
				CLANG_WARN_NON_LITERAL_NULL_CONVERSION = YES;
				CLANG_WARN_OBJC_IMPLICIT_RETAIN_SELF = YES;
				CLANG_WARN_OBJC_LITERAL_CONVERSION = YES;
				CLANG_WARN_OBJC_ROOT_CLASS = YES_ERROR;
				CLANG_WARN_QUOTED_INCLUDE_IN_FRAMEWORK_HEADER = YES;
				CLANG_WARN_RANGE_LOOP_ANALYSIS = YES;
				CLANG_WARN_STRICT_PROTOTYPES = YES;
				CLANG_WARN_SUSPICIOUS_MOVE = YES;
				CLANG_WARN_UNGUARDED_AVAILABILITY = YES_AGGRESSIVE;
				CLANG_WARN_UNREACHABLE_CODE = YES;
				CLANG_WARN__DUPLICATE_METHOD_MATCH = YES;
				COPY_PHASE_STRIP = NO;
				DEBUG_INFORMATION_FORMAT = "dwarf-with-dsym";
				ENABLE_NS_ASSERTIONS = NO;
				ENABLE_STRICT_OBJC_MSGSEND = YES;
				GCC_C_LANGUAGE_STANDARD = gnu11;
				GCC_NO_COMMON_BLOCKS = YES;
				GCC_WARN_64_TO_32_BIT_CONVERSION = YES;
				GCC_WARN_ABOUT_RETURN_TYPE = YES_ERROR;
				GCC_WARN_UNDECLARED_SELECTOR = YES;
				GCC_WARN_UNINITIALIZED_AUTOS = YES_AGGRESSIVE;
				GCC_WARN_UNUSED_FUNCTION = YES;
				GCC_WARN_UNUSED_VARIABLE = YES;
				IPHONEOS_DEPLOYMENT_TARGET = 16.2;
				MTL_ENABLE_DEBUG_INFO = NO;
				MTL_FAST_MATH = YES;
				SDKROOT = iphoneos;
				SWIFT_COMPILATION_MODE = wholemodule;
				SWIFT_OPTIMIZATION_LEVEL = "-O";
				VALIDATE_PRODUCT = YES;
			};
			name = Release;
		};
		3842B83A2977E7010035CE29 /* Debug */ = {
			isa = XCBuildConfiguration;
			baseConfigurationReference = 99EE5DE69ABC6B971965CDCF /* Pods-Blabber.debug.xcconfig */;
			buildSettings = {
				ASSETCATALOG_COMPILER_APPICON_NAME = AppIcon;
				ASSETCATALOG_COMPILER_GLOBAL_ACCENT_COLOR_NAME = AccentColor;
				CODE_SIGN_STYLE = Automatic;
				CURRENT_PROJECT_VERSION = 1;
				GENERATE_INFOPLIST_FILE = YES;
				INFOPLIST_FILE = Blabber/Info.plist;
				INFOPLIST_KEY_UIApplicationSupportsIndirectInputEvents = YES;
				INFOPLIST_KEY_UILaunchStoryboardName = LaunchScreen;
				INFOPLIST_KEY_UIMainStoryboardFile = Main;
				INFOPLIST_KEY_UISupportedInterfaceOrientations = "UIInterfaceOrientationLandscapeLeft UIInterfaceOrientationLandscapeRight UIInterfaceOrientationPortrait";
				INFOPLIST_KEY_UISupportedInterfaceOrientations_iPad = UIInterfaceOrientationPortrait;
				LD_RUNPATH_SEARCH_PATHS = (
					"$(inherited)",
					"@executable_path/Frameworks",
				);
				MARKETING_VERSION = 1.0;
				PRODUCT_BUNDLE_IDENTIFIER = com.alisha.Blabber;
				PRODUCT_NAME = "$(TARGET_NAME)";
				SWIFT_EMIT_LOC_STRINGS = YES;
				SWIFT_VERSION = 5.0;
				TARGETED_DEVICE_FAMILY = "1,2";
			};
			name = Debug;
		};
		3842B83B2977E7010035CE29 /* Release */ = {
			isa = XCBuildConfiguration;
			baseConfigurationReference = 8A7200C04AFFB587F0259F39 /* Pods-Blabber.release.xcconfig */;
			buildSettings = {
				ASSETCATALOG_COMPILER_APPICON_NAME = AppIcon;
				ASSETCATALOG_COMPILER_GLOBAL_ACCENT_COLOR_NAME = AccentColor;
				CODE_SIGN_STYLE = Automatic;
				CURRENT_PROJECT_VERSION = 1;
				GENERATE_INFOPLIST_FILE = YES;
				INFOPLIST_FILE = Blabber/Info.plist;
				INFOPLIST_KEY_UIApplicationSupportsIndirectInputEvents = YES;
				INFOPLIST_KEY_UILaunchStoryboardName = LaunchScreen;
				INFOPLIST_KEY_UIMainStoryboardFile = Main;
				INFOPLIST_KEY_UISupportedInterfaceOrientations = "UIInterfaceOrientationLandscapeLeft UIInterfaceOrientationLandscapeRight UIInterfaceOrientationPortrait";
				INFOPLIST_KEY_UISupportedInterfaceOrientations_iPad = UIInterfaceOrientationPortrait;
				LD_RUNPATH_SEARCH_PATHS = (
					"$(inherited)",
					"@executable_path/Frameworks",
				);
				MARKETING_VERSION = 1.0;
				PRODUCT_BUNDLE_IDENTIFIER = com.alisha.Blabber;
				PRODUCT_NAME = "$(TARGET_NAME)";
				SWIFT_EMIT_LOC_STRINGS = YES;
				SWIFT_VERSION = 5.0;
				TARGETED_DEVICE_FAMILY = "1,2";
			};
			name = Release;
		};
/* End XCBuildConfiguration section */

/* Begin XCConfigurationList section */
		3842B81D2977E7000035CE29 /* Build configuration list for PBXProject "Blabber" */ = {
			isa = XCConfigurationList;
			buildConfigurations = (
				3842B8372977E7010035CE29 /* Debug */,
				3842B8382977E7010035CE29 /* Release */,
			);
			defaultConfigurationIsVisible = 0;
			defaultConfigurationName = Release;
		};
		3842B8392977E7010035CE29 /* Build configuration list for PBXNativeTarget "Blabber" */ = {
			isa = XCConfigurationList;
			buildConfigurations = (
				3842B83A2977E7010035CE29 /* Debug */,
				3842B83B2977E7010035CE29 /* Release */,
			);
			defaultConfigurationIsVisible = 0;
			defaultConfigurationName = Release;
		};
/* End XCConfigurationList section */

/* Begin XCVersionGroup section */
		3842B82E2977E7000035CE29 /* Blabber.xcdatamodeld */ = {
			isa = XCVersionGroup;
			children = (
				3842B82F2977E7000035CE29 /* Blabber.xcdatamodel */,
			);
			currentVersion = 3842B82F2977E7000035CE29 /* Blabber.xcdatamodel */;
			path = Blabber.xcdatamodeld;
			sourceTree = "<group>";
			versionGroupType = wrapper.xcdatamodel;
		};
/* End XCVersionGroup section */
	};
	rootObject = 3842B81A2977E7000035CE29 /* Project object */;
}
